// !$*UTF8*$!
{
	archiveVersion = 1;
	classes = {
	};
	objectVersion = 50;
	objects = {

/* Begin PBXBuildFile section */
		F3B81A9E263680800019C559 /* Pomodoro WatchKit App.app in Embed Watch Content */ = {isa = PBXBuildFile; fileRef = F3B81A9D263680800019C559 /* Pomodoro WatchKit App.app */; settings = {ATTRIBUTES = (RemoveHeadersOnCopy, ); }; };
		F3B81AA4263680800019C559 /* Interface.storyboard in Resources */ = {isa = PBXBuildFile; fileRef = F3B81AA2263680800019C559 /* Interface.storyboard */; };
		F3B81AA6263680810019C559 /* Assets.xcassets in Resources */ = {isa = PBXBuildFile; fileRef = F3B81AA5263680810019C559 /* Assets.xcassets */; };
		F3B81AAD263680810019C559 /* Pomodoro WatchKit Extension.appex in Embed App Extensions */ = {isa = PBXBuildFile; fileRef = F3B81AAC263680810019C559 /* Pomodoro WatchKit Extension.appex */; settings = {ATTRIBUTES = (RemoveHeadersOnCopy, ); }; };
		F3B81AB2263680810019C559 /* InterfaceController.swift in Sources */ = {isa = PBXBuildFile; fileRef = F3B81AB1263680810019C559 /* InterfaceController.swift */; };
		F3B81AB4263680810019C559 /* ExtensionDelegate.swift in Sources */ = {isa = PBXBuildFile; fileRef = F3B81AB3263680810019C559 /* ExtensionDelegate.swift */; };
		F3B81AB6263680810019C559 /* NotificationController.swift in Sources */ = {isa = PBXBuildFile; fileRef = F3B81AB5263680810019C559 /* NotificationController.swift */; };
		F3B81AB8263680810019C559 /* ComplicationController.swift in Sources */ = {isa = PBXBuildFile; fileRef = F3B81AB7263680810019C559 /* ComplicationController.swift */; };
		F3B81ABA263680810019C559 /* Assets.xcassets in Resources */ = {isa = PBXBuildFile; fileRef = F3B81AB9263680810019C559 /* Assets.xcassets */; };
/* End PBXBuildFile section */

/* Begin PBXContainerItemProxy section */
		F3B81A9F263680800019C559 /* PBXContainerItemProxy */ = {
			isa = PBXContainerItemProxy;
			containerPortal = F3B81A93263680800019C559 /* Project object */;
			proxyType = 1;
			remoteGlobalIDString = F3B81A9C263680800019C559;
			remoteInfo = "Pomodoro WatchKit App";
		};
		F3B81AAE263680810019C559 /* PBXContainerItemProxy */ = {
			isa = PBXContainerItemProxy;
			containerPortal = F3B81A93263680800019C559 /* Project object */;
			proxyType = 1;
			remoteGlobalIDString = F3B81AAB263680810019C559;
			remoteInfo = "Pomodoro WatchKit Extension";
		};
/* End PBXContainerItemProxy section */

/* Begin PBXCopyFilesBuildPhase section */
		F3B81AC2263680810019C559 /* Embed App Extensions */ = {
			isa = PBXCopyFilesBuildPhase;
			buildActionMask = 2147483647;
			dstPath = "";
			dstSubfolderSpec = 13;
			files = (
				F3B81AAD263680810019C559 /* Pomodoro WatchKit Extension.appex in Embed App Extensions */,
			);
			name = "Embed App Extensions";
			runOnlyForDeploymentPostprocessing = 0;
		};
		F3B81AC6263680810019C559 /* Embed Watch Content */ = {
			isa = PBXCopyFilesBuildPhase;
			buildActionMask = 2147483647;
			dstPath = "$(CONTENTS_FOLDER_PATH)/Watch";
			dstSubfolderSpec = 16;
			files = (
				F3B81A9E263680800019C559 /* Pomodoro WatchKit App.app in Embed Watch Content */,
			);
			name = "Embed Watch Content";
			runOnlyForDeploymentPostprocessing = 0;
		};
/* End PBXCopyFilesBuildPhase section */

/* Begin PBXFileReference section */
		F3B81A99263680800019C559 /* Pomodoro.app */ = {isa = PBXFileReference; explicitFileType = wrapper.application; includeInIndex = 0; path = Pomodoro.app; sourceTree = BUILT_PRODUCTS_DIR; };
		F3B81A9D263680800019C559 /* Pomodoro WatchKit App.app */ = {isa = PBXFileReference; explicitFileType = wrapper.application; includeInIndex = 0; path = "Pomodoro WatchKit App.app"; sourceTree = BUILT_PRODUCTS_DIR; };
		F3B81AA3263680800019C559 /* Base */ = {isa = PBXFileReference; lastKnownFileType = file.storyboard; name = Base; path = Base.lproj/Interface.storyboard; sourceTree = "<group>"; };
		F3B81AA5263680810019C559 /* Assets.xcassets */ = {isa = PBXFileReference; lastKnownFileType = folder.assetcatalog; path = Assets.xcassets; sourceTree = "<group>"; };
		F3B81AA7263680810019C559 /* Info.plist */ = {isa = PBXFileReference; lastKnownFileType = text.plist.xml; path = Info.plist; sourceTree = "<group>"; };
		F3B81AAC263680810019C559 /* Pomodoro WatchKit Extension.appex */ = {isa = PBXFileReference; explicitFileType = "wrapper.app-extension"; includeInIndex = 0; path = "Pomodoro WatchKit Extension.appex"; sourceTree = BUILT_PRODUCTS_DIR; };
		F3B81AB1263680810019C559 /* InterfaceController.swift */ = {isa = PBXFileReference; lastKnownFileType = sourcecode.swift; path = InterfaceController.swift; sourceTree = "<group>"; };
		F3B81AB3263680810019C559 /* ExtensionDelegate.swift */ = {isa = PBXFileReference; lastKnownFileType = sourcecode.swift; path = ExtensionDelegate.swift; sourceTree = "<group>"; };
		F3B81AB5263680810019C559 /* NotificationController.swift */ = {isa = PBXFileReference; lastKnownFileType = sourcecode.swift; path = NotificationController.swift; sourceTree = "<group>"; };
		F3B81AB7263680810019C559 /* ComplicationController.swift */ = {isa = PBXFileReference; lastKnownFileType = sourcecode.swift; path = ComplicationController.swift; sourceTree = "<group>"; };
		F3B81AB9263680810019C559 /* Assets.xcassets */ = {isa = PBXFileReference; lastKnownFileType = folder.assetcatalog; path = Assets.xcassets; sourceTree = "<group>"; };
		F3B81ABB263680810019C559 /* Info.plist */ = {isa = PBXFileReference; lastKnownFileType = text.plist.xml; path = Info.plist; sourceTree = "<group>"; };
		F3B81ABC263680810019C559 /* PushNotificationPayload.apns */ = {isa = PBXFileReference; lastKnownFileType = text; path = PushNotificationPayload.apns; sourceTree = "<group>"; };
/* End PBXFileReference section */

/* Begin PBXFrameworksBuildPhase section */
		F3B81AA9263680810019C559 /* Frameworks */ = {
			isa = PBXFrameworksBuildPhase;
			buildActionMask = 2147483647;
			files = (
			);
			runOnlyForDeploymentPostprocessing = 0;
		};
/* End PBXFrameworksBuildPhase section */

/* Begin PBXGroup section */
		F3B81A92263680800019C559 = {
			isa = PBXGroup;
			children = (
				F3B81AA1263680800019C559 /* Pomodoro WatchKit App */,
				F3B81AB0263680810019C559 /* Pomodoro WatchKit Extension */,
				F3B81A9A263680800019C559 /* Products */,
			);
			sourceTree = "<group>";
		};
		F3B81A9A263680800019C559 /* Products */ = {
			isa = PBXGroup;
			children = (
				F3B81A99263680800019C559 /* Pomodoro.app */,
				F3B81A9D263680800019C559 /* Pomodoro WatchKit App.app */,
				F3B81AAC263680810019C559 /* Pomodoro WatchKit Extension.appex */,
			);
			name = Products;
			sourceTree = "<group>";
		};
		F3B81AA1263680800019C559 /* Pomodoro WatchKit App */ = {
			isa = PBXGroup;
			children = (
				F3B81AA2263680800019C559 /* Interface.storyboard */,
				F3B81AA5263680810019C559 /* Assets.xcassets */,
				F3B81AA7263680810019C559 /* Info.plist */,
			);
			path = "Pomodoro WatchKit App";
			sourceTree = "<group>";
		};
		F3B81AB0263680810019C559 /* Pomodoro WatchKit Extension */ = {
			isa = PBXGroup;
			children = (
				F3B81AB1263680810019C559 /* InterfaceController.swift */,
				F3B81AB3263680810019C559 /* ExtensionDelegate.swift */,
				F3B81AB5263680810019C559 /* NotificationController.swift */,
				F3B81AB7263680810019C559 /* ComplicationController.swift */,
				F3B81AB9263680810019C559 /* Assets.xcassets */,
				F3B81ABB263680810019C559 /* Info.plist */,
				F3B81ABC263680810019C559 /* PushNotificationPayload.apns */,
			);
			path = "Pomodoro WatchKit Extension";
			sourceTree = "<group>";
		};
/* End PBXGroup section */

/* Begin PBXNativeTarget section */
		F3B81A98263680800019C559 /* Pomodoro */ = {
			isa = PBXNativeTarget;
			buildConfigurationList = F3B81AC7263680810019C559 /* Build configuration list for PBXNativeTarget "Pomodoro" */;
			buildPhases = (
				F3B81A97263680800019C559 /* Resources */,
				F3B81AC6263680810019C559 /* Embed Watch Content */,
			);
			buildRules = (
			);
			dependencies = (
				F3B81AA0263680800019C559 /* PBXTargetDependency */,
			);
			name = Pomodoro;
			productName = Pomodoro;
			productReference = F3B81A99263680800019C559 /* Pomodoro.app */;
			productType = "com.apple.product-type.application.watchapp2-container";
		};
		F3B81A9C263680800019C559 /* Pomodoro WatchKit App */ = {
			isa = PBXNativeTarget;
			buildConfigurationList = F3B81AC3263680810019C559 /* Build configuration list for PBXNativeTarget "Pomodoro WatchKit App" */;
			buildPhases = (
				F3B81A9B263680800019C559 /* Resources */,
				F3B81AC2263680810019C559 /* Embed App Extensions */,
			);
			buildRules = (
			);
			dependencies = (
				F3B81AAF263680810019C559 /* PBXTargetDependency */,
			);
			name = "Pomodoro WatchKit App";
			productName = "Pomodoro WatchKit App";
			productReference = F3B81A9D263680800019C559 /* Pomodoro WatchKit App.app */;
			productType = "com.apple.product-type.application.watchapp2";
		};
		F3B81AAB263680810019C559 /* Pomodoro WatchKit Extension */ = {
			isa = PBXNativeTarget;
			buildConfigurationList = F3B81ABF263680810019C559 /* Build configuration list for PBXNativeTarget "Pomodoro WatchKit Extension" */;
			buildPhases = (
				F3B81AA8263680810019C559 /* Sources */,
				F3B81AA9263680810019C559 /* Frameworks */,
				F3B81AAA263680810019C559 /* Resources */,
			);
			buildRules = (
			);
			dependencies = (
			);
			name = "Pomodoro WatchKit Extension";
			productName = "Pomodoro WatchKit Extension";
			productReference = F3B81AAC263680810019C559 /* Pomodoro WatchKit Extension.appex */;
			productType = "com.apple.product-type.watchkit2-extension";
		};
/* End PBXNativeTarget section */

/* Begin PBXProject section */
		F3B81A93263680800019C559 /* Project object */ = {
			isa = PBXProject;
			attributes = {
				LastSwiftUpdateCheck = 1240;
				LastUpgradeCheck = 1240;
				TargetAttributes = {
					F3B81A98263680800019C559 = {
						CreatedOnToolsVersion = 12.4;
					};
					F3B81A9C263680800019C559 = {
						CreatedOnToolsVersion = 12.4;
					};
					F3B81AAB263680810019C559 = {
						CreatedOnToolsVersion = 12.4;
					};
				};
			};
			buildConfigurationList = F3B81A96263680800019C559 /* Build configuration list for PBXProject "Pomodoro" */;
			compatibilityVersion = "Xcode 9.3";
			developmentRegion = en;
			hasScannedForEncodings = 0;
			knownRegions = (
				en,
				Base,
			);
			mainGroup = F3B81A92263680800019C559;
			productRefGroup = F3B81A9A263680800019C559 /* Products */;
			projectDirPath = "";
			projectRoot = "";
			targets = (
				F3B81A98263680800019C559 /* Pomodoro */,
				F3B81A9C263680800019C559 /* Pomodoro WatchKit App */,
				F3B81AAB263680810019C559 /* Pomodoro WatchKit Extension */,
			);
		};
/* End PBXProject section */

/* Begin PBXResourcesBuildPhase section */
		F3B81A97263680800019C559 /* Resources */ = {
			isa = PBXResourcesBuildPhase;
			buildActionMask = 2147483647;
			files = (
			);
			runOnlyForDeploymentPostprocessing = 0;
		};
		F3B81A9B263680800019C559 /* Resources */ = {
			isa = PBXResourcesBuildPhase;
			buildActionMask = 2147483647;
			files = (
				F3B81AA6263680810019C559 /* Assets.xcassets in Resources */,
				F3B81AA4263680800019C559 /* Interface.storyboard in Resources */,
			);
			runOnlyForDeploymentPostprocessing = 0;
		};
		F3B81AAA263680810019C559 /* Resources */ = {
			isa = PBXResourcesBuildPhase;
			buildActionMask = 2147483647;
			files = (
				F3B81ABA263680810019C559 /* Assets.xcassets in Resources */,
			);
			runOnlyForDeploymentPostprocessing = 0;
		};
/* End PBXResourcesBuildPhase section */

/* Begin PBXSourcesBuildPhase section */
		F3B81AA8263680810019C559 /* Sources */ = {
			isa = PBXSourcesBuildPhase;
			buildActionMask = 2147483647;
			files = (
				F3B81AB6263680810019C559 /* NotificationController.swift in Sources */,
				F3B81AB8263680810019C559 /* ComplicationController.swift in Sources */,
				F3B81AB4263680810019C559 /* ExtensionDelegate.swift in Sources */,
				F3B81AB2263680810019C559 /* InterfaceController.swift in Sources */,
			);
			runOnlyForDeploymentPostprocessing = 0;
		};
/* End PBXSourcesBuildPhase section */

/* Begin PBXTargetDependency section */
		F3B81AA0263680800019C559 /* PBXTargetDependency */ = {
			isa = PBXTargetDependency;
			target = F3B81A9C263680800019C559 /* Pomodoro WatchKit App */;
			targetProxy = F3B81A9F263680800019C559 /* PBXContainerItemProxy */;
		};
		F3B81AAF263680810019C559 /* PBXTargetDependency */ = {
			isa = PBXTargetDependency;
			target = F3B81AAB263680810019C559 /* Pomodoro WatchKit Extension */;
			targetProxy = F3B81AAE263680810019C559 /* PBXContainerItemProxy */;
		};
/* End PBXTargetDependency section */

/* Begin PBXVariantGroup section */
		F3B81AA2263680800019C559 /* Interface.storyboard */ = {
			isa = PBXVariantGroup;
			children = (
				F3B81AA3263680800019C559 /* Base */,
			);
			name = Interface.storyboard;
			sourceTree = "<group>";
		};
/* End PBXVariantGroup section */

/* Begin XCBuildConfiguration section */
		F3B81ABD263680810019C559 /* Debug */ = {
			isa = XCBuildConfiguration;
			buildSettings = {
				ALWAYS_SEARCH_USER_PATHS = NO;
				CLANG_ANALYZER_NONNULL = YES;
				CLANG_ANALYZER_NUMBER_OBJECT_CONVERSION = YES_AGGRESSIVE;
				CLANG_CXX_LANGUAGE_STANDARD = "gnu++14";
				CLANG_CXX_LIBRARY = "libc++";
				CLANG_ENABLE_MODULES = YES;
				CLANG_ENABLE_OBJC_ARC = YES;
				CLANG_ENABLE_OBJC_WEAK = YES;
				CLANG_WARN_BLOCK_CAPTURE_AUTORELEASING = YES;
				CLANG_WARN_BOOL_CONVERSION = YES;
				CLANG_WARN_COMMA = YES;
				CLANG_WARN_CONSTANT_CONVERSION = YES;
				CLANG_WARN_DEPRECATED_OBJC_IMPLEMENTATIONS = YES;
				CLANG_WARN_DIRECT_OBJC_ISA_USAGE = YES_ERROR;
				CLANG_WARN_DOCUMENTATION_COMMENTS = YES;
				CLANG_WARN_EMPTY_BODY = YES;
				CLANG_WARN_ENUM_CONVERSION = YES;
				CLANG_WARN_INFINITE_RECURSION = YES;
				CLANG_WARN_INT_CONVERSION = YES;
				CLANG_WARN_NON_LITERAL_NULL_CONVERSION = YES;
				CLANG_WARN_OBJC_IMPLICIT_RETAIN_SELF = YES;
				CLANG_WARN_OBJC_LITERAL_CONVERSION = YES;
				CLANG_WARN_OBJC_ROOT_CLASS = YES_ERROR;
				CLANG_WARN_QUOTED_INCLUDE_IN_FRAMEWORK_HEADER = YES;
				CLANG_WARN_RANGE_LOOP_ANALYSIS = YES;
				CLANG_WARN_STRICT_PROTOTYPES = YES;
				CLANG_WARN_SUSPICIOUS_MOVE = YES;
				CLANG_WARN_UNGUARDED_AVAILABILITY = YES_AGGRESSIVE;
				CLANG_WARN_UNREACHABLE_CODE = YES;
				CLANG_WARN__DUPLICATE_METHOD_MATCH = YES;
				COPY_PHASE_STRIP = NO;
				DEBUG_INFORMATION_FORMAT = dwarf;
				ENABLE_STRICT_OBJC_MSGSEND = YES;
				ENABLE_TESTABILITY = YES;
				GCC_C_LANGUAGE_STANDARD = gnu11;
				GCC_DYNAMIC_NO_PIC = NO;
				GCC_NO_COMMON_BLOCKS = YES;
				GCC_OPTIMIZATION_LEVEL = 0;
				GCC_PREPROCESSOR_DEFINITIONS = (
					"DEBUG=1",
					"$(inherited)",
				);
				GCC_WARN_64_TO_32_BIT_CONVERSION = YES;
				GCC_WARN_ABOUT_RETURN_TYPE = YES_ERROR;
				GCC_WARN_UNDECLARED_SELECTOR = YES;
				GCC_WARN_UNINITIALIZED_AUTOS = YES_AGGRESSIVE;
				GCC_WARN_UNUSED_FUNCTION = YES;
				GCC_WARN_UNUSED_VARIABLE = YES;
				MTL_ENABLE_DEBUG_INFO = INCLUDE_SOURCE;
				MTL_FAST_MATH = YES;
				ONLY_ACTIVE_ARCH = YES;
				SDKROOT = iphoneos;
				SWIFT_ACTIVE_COMPILATION_CONDITIONS = DEBUG;
				SWIFT_OPTIMIZATION_LEVEL = "-Onone";
			};
			name = Debug;
		};
		F3B81ABE263680810019C559 /* Release */ = {
			isa = XCBuildConfiguration;
			buildSettings = {
				ALWAYS_SEARCH_USER_PATHS = NO;
				CLANG_ANALYZER_NONNULL = YES;
				CLANG_ANALYZER_NUMBER_OBJECT_CONVERSION = YES_AGGRESSIVE;
				CLANG_CXX_LANGUAGE_STANDARD = "gnu++14";
				CLANG_CXX_LIBRARY = "libc++";
				CLANG_ENABLE_MODULES = YES;
				CLANG_ENABLE_OBJC_ARC = YES;
				CLANG_ENABLE_OBJC_WEAK = YES;
				CLANG_WARN_BLOCK_CAPTURE_AUTORELEASING = YES;
				CLANG_WARN_BOOL_CONVERSION = YES;
				CLANG_WARN_COMMA = YES;
				CLANG_WARN_CONSTANT_CONVERSION = YES;
				CLANG_WARN_DEPRECATED_OBJC_IMPLEMENTATIONS = YES;
				CLANG_WARN_DIRECT_OBJC_ISA_USAGE = YES_ERROR;
				CLANG_WARN_DOCUMENTATION_COMMENTS = YES;
				CLANG_WARN_EMPTY_BODY = YES;
				CLANG_WARN_ENUM_CONVERSION = YES;
				CLANG_WARN_INFINITE_RECURSION = YES;
				CLANG_WARN_INT_CONVERSION = YES;
				CLANG_WARN_NON_LITERAL_NULL_CONVERSION = YES;
				CLANG_WARN_OBJC_IMPLICIT_RETAIN_SELF = YES;
				CLANG_WARN_OBJC_LITERAL_CONVERSION = YES;
				CLANG_WARN_OBJC_ROOT_CLASS = YES_ERROR;
				CLANG_WARN_QUOTED_INCLUDE_IN_FRAMEWORK_HEADER = YES;
				CLANG_WARN_RANGE_LOOP_ANALYSIS = YES;
				CLANG_WARN_STRICT_PROTOTYPES = YES;
				CLANG_WARN_SUSPICIOUS_MOVE = YES;
				CLANG_WARN_UNGUARDED_AVAILABILITY = YES_AGGRESSIVE;
				CLANG_WARN_UNREACHABLE_CODE = YES;
				CLANG_WARN__DUPLICATE_METHOD_MATCH = YES;
				COPY_PHASE_STRIP = NO;
				DEBUG_INFORMATION_FORMAT = "dwarf-with-dsym";
				ENABLE_NS_ASSERTIONS = NO;
				ENABLE_STRICT_OBJC_MSGSEND = YES;
				GCC_C_LANGUAGE_STANDARD = gnu11;
				GCC_NO_COMMON_BLOCKS = YES;
				GCC_WARN_64_TO_32_BIT_CONVERSION = YES;
				GCC_WARN_ABOUT_RETURN_TYPE = YES_ERROR;
				GCC_WARN_UNDECLARED_SELECTOR = YES;
				GCC_WARN_UNINITIALIZED_AUTOS = YES_AGGRESSIVE;
				GCC_WARN_UNUSED_FUNCTION = YES;
				GCC_WARN_UNUSED_VARIABLE = YES;
				MTL_ENABLE_DEBUG_INFO = NO;
				MTL_FAST_MATH = YES;
				SDKROOT = iphoneos;
				SWIFT_COMPILATION_MODE = wholemodule;
				SWIFT_OPTIMIZATION_LEVEL = "-O";
				VALIDATE_PRODUCT = YES;
			};
			name = Release;
		};
		F3B81AC0263680810019C559 /* Debug */ = {
			isa = XCBuildConfiguration;
			buildSettings = {
				ASSETCATALOG_COMPILER_COMPLICATION_NAME = Complication;
				CODE_SIGN_STYLE = Automatic;
				DEVELOPMENT_TEAM = DFVB576FM8;
				INFOPLIST_FILE = "Pomodoro WatchKit Extension/Info.plist";
				LD_RUNPATH_SEARCH_PATHS = (
					"$(inherited)",
					"@executable_path/Frameworks",
					"@executable_path/../../Frameworks",
				);
				PRODUCT_BUNDLE_IDENTIFIER = skite.Pomodoro.watchkitapp.watchkitextension;
				PRODUCT_NAME = "${TARGET_NAME}";
				SDKROOT = watchos;
				SKIP_INSTALL = YES;
				SWIFT_VERSION = 5.0;
				TARGETED_DEVICE_FAMILY = 4;
				WATCHOS_DEPLOYMENT_TARGET = 7.2;
			};
			name = Debug;
		};
		F3B81AC1263680810019C559 /* Release */ = {
			isa = XCBuildConfiguration;
			buildSettings = {
				ASSETCATALOG_COMPILER_COMPLICATION_NAME = Complication;
				CODE_SIGN_STYLE = Automatic;
				DEVELOPMENT_TEAM = DFVB576FM8;
				INFOPLIST_FILE = "Pomodoro WatchKit Extension/Info.plist";
				LD_RUNPATH_SEARCH_PATHS = (
					"$(inherited)",
					"@executable_path/Frameworks",
					"@executable_path/../../Frameworks",
				);
				PRODUCT_BUNDLE_IDENTIFIER = skite.Pomodoro.watchkitapp.watchkitextension;
				PRODUCT_NAME = "${TARGET_NAME}";
				SDKROOT = watchos;
				SKIP_INSTALL = YES;
				SWIFT_VERSION = 5.0;
				TARGETED_DEVICE_FAMILY = 4;
				WATCHOS_DEPLOYMENT_TARGET = 7.2;
			};
			name = Release;
		};
		F3B81AC4263680810019C559 /* Debug */ = {
			isa = XCBuildConfiguration;
			buildSettings = {
				ALWAYS_EMBED_SWIFT_STANDARD_LIBRARIES = YES;
				ASSETCATALOG_COMPILER_APPICON_NAME = AppIcon;
				ASSETCATALOG_COMPILER_GLOBAL_ACCENT_COLOR_NAME = AccentColor;
				CODE_SIGN_STYLE = Automatic;
				DEVELOPMENT_TEAM = DFVB576FM8;
				IBSC_MODULE = Pomodoro_WatchKit_Extension;
				INFOPLIST_FILE = "Pomodoro WatchKit App/Info.plist";
				PRODUCT_BUNDLE_IDENTIFIER = skite.Pomodoro.watchkitapp;
				PRODUCT_NAME = "$(TARGET_NAME)";
				SDKROOT = watchos;
				SKIP_INSTALL = YES;
				SWIFT_VERSION = 5.0;
				TARGETED_DEVICE_FAMILY = 4;
				WATCHOS_DEPLOYMENT_TARGET = 7.2;
			};
			name = Debug;
		};
		F3B81AC5263680810019C559 /* Release */ = {
			isa = XCBuildConfiguration;
			buildSettings = {
				ALWAYS_EMBED_SWIFT_STANDARD_LIBRARIES = YES;
				ASSETCATALOG_COMPILER_APPICON_NAME = AppIcon;
				ASSETCATALOG_COMPILER_GLOBAL_ACCENT_COLOR_NAME = AccentColor;
				CODE_SIGN_STYLE = Automatic;
				DEVELOPMENT_TEAM = DFVB576FM8;
				IBSC_MODULE = Pomodoro_WatchKit_Extension;
				INFOPLIST_FILE = "Pomodoro WatchKit App/Info.plist";
				PRODUCT_BUNDLE_IDENTIFIER = skite.Pomodoro.watchkitapp;
				PRODUCT_NAME = "$(TARGET_NAME)";
				SDKROOT = watchos;
				SKIP_INSTALL = YES;
				SWIFT_VERSION = 5.0;
				TARGETED_DEVICE_FAMILY = 4;
				WATCHOS_DEPLOYMENT_TARGET = 7.2;
			};
			name = Release;
		};
		F3B81AC8263680810019C559 /* Debug */ = {
			isa = XCBuildConfiguration;
			buildSettings = {
				CODE_SIGN_STYLE = Automatic;
				CURRENT_PROJECT_VERSION = 1;
				DEVELOPMENT_TEAM = DFVB576FM8;
				MARKETING_VERSION = 1.0;
				PRODUCT_BUNDLE_IDENTIFIER = skite.Pomodoro;
				PRODUCT_NAME = "$(TARGET_NAME)";
				SWIFT_VERSION = 5.0;
			};
			name = Debug;
		};
		F3B81AC9263680810019C559 /* Release */ = {
			isa = XCBuildConfiguration;
			buildSettings = {
				CODE_SIGN_STYLE = Automatic;
				CURRENT_PROJECT_VERSION = 1;
				DEVELOPMENT_TEAM = DFVB576FM8;
				MARKETING_VERSION = 1.0;
				PRODUCT_BUNDLE_IDENTIFIER = skite.Pomodoro;
				PRODUCT_NAME = "$(TARGET_NAME)";
				SWIFT_VERSION = 5.0;
			};
			name = Release;
		};
/* End XCBuildConfiguration section */

/* Begin XCConfigurationList section */
		F3B81A96263680800019C559 /* Build configuration list for PBXProject "Pomodoro" */ = {
			isa = XCConfigurationList;
			buildConfigurations = (
				F3B81ABD263680810019C559 /* Debug */,
				F3B81ABE263680810019C559 /* Release */,
			);
			defaultConfigurationIsVisible = 0;
			defaultConfigurationName = Release;
		};
		F3B81ABF263680810019C559 /* Build configuration list for PBXNativeTarget "Pomodoro WatchKit Extension" */ = {
			isa = XCConfigurationList;
			buildConfigurations = (
				F3B81AC0263680810019C559 /* Debug */,
				F3B81AC1263680810019C559 /* Release */,
			);
			defaultConfigurationIsVisible = 0;
			defaultConfigurationName = Release;
		};
		F3B81AC3263680810019C559 /* Build configuration list for PBXNativeTarget "Pomodoro WatchKit App" */ = {
			isa = XCConfigurationList;
			buildConfigurations = (
				F3B81AC4263680810019C559 /* Debug */,
				F3B81AC5263680810019C559 /* Release */,
			);
			defaultConfigurationIsVisible = 0;
			defaultConfigurationName = Release;
		};
		F3B81AC7263680810019C559 /* Build configuration list for PBXNativeTarget "Pomodoro" */ = {
			isa = XCConfigurationList;
			buildConfigurations = (
				F3B81AC8263680810019C559 /* Debug */,
				F3B81AC9263680810019C559 /* Release */,
			);
			defaultConfigurationIsVisible = 0;
			defaultConfigurationName = Release;
		};
/* End XCConfigurationList section */
	};
	rootObject = F3B81A93263680800019C559 /* Project object */;
}
